
Microsoft Visual Studio Solution File, Format Version 12.00
# Visual Studio Version 16
VisualStudioVersion = 16.0.29609.76
MinimumVisualStudioVersion = 10.0.40219.1
Project("{9A19103F-16F7-4668-BE54-9A1E7A4F7556}") = "ArpLookup", "src\ArpLookup\ArpLookup.csproj", "{B229EA26-D698-429D-86B2-741F7DC3DE01}"
EndProject
Project("{2150E333-8FDC-42A3-9474-1A3956D46DE8}") = "Solution Items", "Solution Items", "{45BB5194-7374-4DE4-A3E6-9025D1619CB3}"
	ProjectSection(SolutionItems) = preProject
		.editorconfig = .editorconfig
	EndProjectSection
EndProject
Global
	GlobalSection(SolutionConfigurationPlatforms) = preSolution
		Debug|Any CPU = Debug|Any CPU
		Release|Any CPU = Release|Any CPU
	EndGlobalSection
	GlobalSection(ProjectConfigurationPlatforms) = postSolution
		{B229EA26-D698-429D-86B2-741F7DC3DE01}.Debug|Any CPU.ActiveCfg = Debug|Any CPU
		{B229EA26-D698-429D-86B2-741F7DC3DE01}.Debug|Any CPU.Build.0 = Debug|Any CPU
		{B229EA26-D698-429D-86B2-741F7DC3DE01}.Release|Any CPU.ActiveCfg = Release|Any CPU
		{B229EA26-D698-429D-86B2-741F7DC3DE01}.Release|Any CPU.Build.0 = Release|Any CPU
	EndGlobalSection
	GlobalSection(SolutionProperties) = preSolution
		HideSolutionNode = FALSE
	EndGlobalSection
	GlobalSection(ExtensibilityGlobals) = postSolution
		SolutionGuid = {AC499171-1540-47B6-B79E-1384FA74F6C9}
	EndGlobalSection
EndGlobal
